// !$*UTF8*$!
{
	archiveVersion = 1;
	classes = {
	};
	objectVersion = 77;
	objects = {

/* Begin PBXContainerItemProxy section */
		1218B9002FD4A1AE00304AF6 /* PBXContainerItemProxy */ = {
			isa = PBXContainerItemProxy;
			containerPortal = 1218B8EA2FD4A1AD00304AF6 /* Project object */;
			proxyType = 1;
			remoteGlobalIDString = 1218B8F12FD4A1AD00304AF6;
			remoteInfo = GlassReborn;
		};
		1218B90A2FD4A1AE00304AF6 /* PBXContainerItemProxy */ = {
			isa = PBXContainerItemProxy;
			containerPortal = 1218B8EA2FD4A1AD00304AF6 /* Project object */;
			proxyType = 1;
			remoteGlobalIDString = 1218B8F12FD4A1AD00304AF6;
			remoteInfo = GlassReborn;
		};
/* End PBXContainerItemProxy section */

/* Begin PBXFileReference section */
		1218B8FF2FD4A1AE00304AF6 /* GlassRebornTests.xctest */ = {isa = PBXFileReference; explicitFileType = wrapper.cfbundle; includeInIndex = 0; name = GlassRebornTests.xctest; path = "/Users/ethanshealey/Documents/github/GlassReborn/ios/GlassReborn/build/Debug-iphoneos/GlassReborn.app/PlugIns/GlassRebornTests.xctest"; sourceTree = "<absolute>"; };
		1218B9092FD4A1AE00304AF6 /* GlassRebornUITests.xctest */ = {isa = PBXFileReference; explicitFileType = wrapper.cfbundle; includeInIndex = 0; name = GlassRebornUITests.xctest; path = "/Users/ethanshealey/Documents/github/GlassReborn/ios/GlassReborn/build/Debug-iphoneos/GlassRebornUITests-Runner.app/PlugIns/GlassRebornUITests.xctest"; sourceTree = "<absolute>"; };
		1218B91F2FD4A1E600304AF6 /* Info.plist */ = {isa = PBXFileReference; lastKnownFileType = text.plist.xml; path = Info.plist; sourceTree = "<group>"; };
		1218B93B2FD4A44F00304AF6 /* GlassReborn.app */ = {isa = PBXFileReference; explicitFileType = wrapper.application; includeInIndex = 0; path = GlassReborn.app; sourceTree = BUILT_PRODUCTS_DIR; };
/* End PBXFileReference section */

/* Begin PBXFileSystemSynchronizedRootGroup section */
		1218B8F42FD4A1AD00304AF6 /* GlassReborn */ = {
			isa = PBXFileSystemSynchronizedRootGroup;
			path = GlassReborn;
			sourceTree = "<group>";
		};
		1218B9022FD4A1AE00304AF6 /* GlassRebornTests */ = {
			isa = PBXFileSystemSynchronizedRootGroup;
			path = GlassRebornTests;
			sourceTree = "<group>";
		};
		1218B90C2FD4A1AE00304AF6 /* GlassRebornUITests */ = {
			isa = PBXFileSystemSynchronizedRootGroup;
			path = GlassRebornUITests;
			sourceTree = "<group>";
		};
		1218B9212FD4A1E600304AF6 /* Models */ = {
			isa = PBXFileSystemSynchronizedRootGroup;
			path = Models;
			sourceTree = "<group>";
		};
		1218B9262FD4A1E600304AF6 /* Services */ = {
			isa = PBXFileSystemSynchronizedRootGroup;
			path = Services;
			sourceTree = "<group>";
		};
		1218B92D2FD4A1E600304AF6 /* Views */ = {
			isa = PBXFileSystemSynchronizedRootGroup;
			path = Views;
			sourceTree = "<group>";
		};
/* End PBXFileSystemSynchronizedRootGroup section */

/* Begin PBXFrameworksBuildPhase section */
		1218B8EF2FD4A1AD00304AF6 /* Frameworks */ = {
			isa = PBXFrameworksBuildPhase;
			buildActionMask = 2147483647;
			files = (
			);
			runOnlyForDeploymentPostprocessing = 0;
		};
		1218B8FC2FD4A1AE00304AF6 /* Frameworks */ = {
			isa = PBXFrameworksBuildPhase;
			buildActionMask = 2147483647;
			files = (
			);
			runOnlyForDeploymentPostprocessing = 0;
		};
		1218B9062FD4A1AE00304AF6 /* Frameworks */ = {
			isa = PBXFrameworksBuildPhase;
			buildActionMask = 2147483647;
			files = (
			);
			runOnlyForDeploymentPostprocessing = 0;
		};
/* End PBXFrameworksBuildPhase section */

/* Begin PBXGroup section */
		1218B8E92FD4A1AD00304AF6 = {
			isa = PBXGroup;
			children = (
				1218B8F42FD4A1AD00304AF6 /* GlassReborn */,
				1218B9022FD4A1AE00304AF6 /* GlassRebornTests */,
				1218B90C2FD4A1AE00304AF6 /* GlassRebornUITests */,
				1218B91F2FD4A1E600304AF6 /* Info.plist */,
				1218B9212FD4A1E600304AF6 /* Models */,
				1218B9262FD4A1E600304AF6 /* Services */,
				1218B92D2FD4A1E600304AF6 /* Views */,
				1218B93B2FD4A44F00304AF6 /* GlassReborn.app */,
			);
			sourceTree = "<group>";
		};
/* End PBXGroup section */

/* Begin PBXNativeTarget section */
		1218B8F12FD4A1AD00304AF6 /* GlassReborn */ = {
			isa = PBXNativeTarget;
			buildConfigurationList = 1218B9132FD4A1AE00304AF6 /* Build configuration list for PBXNativeTarget "GlassReborn" */;
			buildPhases = (
				1218B8EE2FD4A1AD00304AF6 /* Sources */,
				1218B8EF2FD4A1AD00304AF6 /* Frameworks */,
				1218B8F02FD4A1AD00304AF6 /* Resources */,
			);
			buildRules = (
			);
			dependencies = (
			);
			fileSystemSynchronizedGroups = (
				1218B8F42FD4A1AD00304AF6 /* GlassReborn */,
				1218B9212FD4A1E600304AF6 /* Models */,
				1218B9262FD4A1E600304AF6 /* Services */,
				1218B92D2FD4A1E600304AF6 /* Views */,
			);
			name = GlassReborn;
			packageProductDependencies = (
			);
			productName = GlassReborn;
			productReference = 1218B93B2FD4A44F00304AF6 /* GlassReborn.app */;
			productType = "com.apple.product-type.application";
		};
		1218B8FE2FD4A1AE00304AF6 /* GlassRebornTests */ = {
			isa = PBXNativeTarget;
			buildConfigurationList = 1218B9162FD4A1AE00304AF6 /* Build configuration list for PBXNativeTarget "GlassRebornTests" */;
			buildPhases = (
				1218B8FB2FD4A1AE00304AF6 /* Sources */,
				1218B8FC2FD4A1AE00304AF6 /* Frameworks */,
				1218B8FD2FD4A1AE00304AF6 /* Resources */,
			);
			buildRules = (
			);
			dependencies = (
				1218B9012FD4A1AE00304AF6 /* PBXTargetDependency */,
			);
			fileSystemSynchronizedGroups = (
				1218B9022FD4A1AE00304AF6 /* GlassRebornTests */,
			);
			name = GlassRebornTests;
			packageProductDependencies = (
			);
			productName = GlassRebornTests;
			productReference = 1218B8FF2FD4A1AE00304AF6 /* GlassRebornTests.xctest */;
			productType = "com.apple.product-type.bundle.unit-test";
		};
		1218B9082FD4A1AE00304AF6 /* GlassRebornUITests */ = {
			isa = PBXNativeTarget;
			buildConfigurationList = 1218B9192FD4A1AE00304AF6 /* Build configuration list for PBXNativeTarget "GlassRebornUITests" */;
			buildPhases = (
				1218B9052FD4A1AE00304AF6 /* Sources */,
				1218B9062FD4A1AE00304AF6 /* Frameworks */,
				1218B9072FD4A1AE00304AF6 /* Resources */,
			);
			buildRules = (
			);
			dependencies = (
				1218B90B2FD4A1AE00304AF6 /* PBXTargetDependency */,
			);
			fileSystemSynchronizedGroups = (
				1218B90C2FD4A1AE00304AF6 /* GlassRebornUITests */,
			);
			name = GlassRebornUITests;
			packageProductDependencies = (
			);
			productName = GlassRebornUITests;
			productReference = 1218B9092FD4A1AE00304AF6 /* GlassRebornUITests.xctest */;
			productType = "com.apple.product-type.bundle.ui-testing";
		};
/* End PBXNativeTarget section */

/* Begin PBXProject section */
		1218B8EA2FD4A1AD00304AF6 /* Project object */ = {
			isa = PBXProject;
			attributes = {
				BuildIndependentTargetsInParallel = 1;
				LastSwiftUpdateCheck = 2650;
				LastUpgradeCheck = 2650;
				TargetAttributes = {
					1218B8F12FD4A1AD00304AF6 = {
						CreatedOnToolsVersion = 26.5;
					};
					1218B8FE2FD4A1AE00304AF6 = {
						CreatedOnToolsVersion = 26.5;
						TestTargetID = 1218B8F12FD4A1AD00304AF6;
					};
					1218B9082FD4A1AE00304AF6 = {
						CreatedOnToolsVersion = 26.5;
						TestTargetID = 1218B8F12FD4A1AD00304AF6;
					};
				};
			};
			buildConfigurationList = 1218B8ED2FD4A1AD00304AF6 /* Build configuration list for PBXProject "GlassReborn" */;
			developmentRegion = en;
			hasScannedForEncodings = 0;
			knownRegions = (
				en,
				Base,
			);
			mainGroup = 1218B8E92FD4A1AD00304AF6;
			minimizedProjectReferenceProxies = 1;
			preferredProjectObjectVersion = 77;
			productRefGroup = 1218B8E92FD4A1AD00304AF6;
			projectDirPath = "";
			projectRoot = "";
			targets = (
				1218B8F12FD4A1AD00304AF6 /* GlassReborn */,
				1218B8FE2FD4A1AE00304AF6 /* GlassRebornTests */,
				1218B9082FD4A1AE00304AF6 /* GlassRebornUITests */,
			);
		};
/* End PBXProject section */

/* Begin PBXResourcesBuildPhase section */
		1218B8F02FD4A1AD00304AF6 /* Resources */ = {
			isa = PBXResourcesBuildPhase;
			buildActionMask = 2147483647;
			files = (
			);
			runOnlyForDeploymentPostprocessing = 0;
		};
		1218B8FD2FD4A1AE00304AF6 /* Resources */ = {
			isa = PBXResourcesBuildPhase;
			buildActionMask = 2147483647;
			files = (
			);
			runOnlyForDeploymentPostprocessing = 0;
		};
		1218B9072FD4A1AE00304AF6 /* Resources */ = {
			isa = PBXResourcesBuildPhase;
			buildActionMask = 2147483647;
			files = (
			);
			runOnlyForDeploymentPostprocessing = 0;
		};
/* End PBXResourcesBuildPhase section */

/* Begin PBXSourcesBuildPhase section */
		1218B8EE2FD4A1AD00304AF6 /* Sources */ = {
			isa = PBXSourcesBuildPhase;
			buildActionMask = 2147483647;
			files = (
			);
			runOnlyForDeploymentPostprocessing = 0;
		};
		1218B8FB2FD4A1AE00304AF6 /* Sources */ = {
			isa = PBXSourcesBuildPhase;
			buildActionMask = 2147483647;
			files = (
			);
			runOnlyForDeploymentPostprocessing = 0;
		};
		1218B9052FD4A1AE00304AF6 /* Sources */ = {
			isa = PBXSourcesBuildPhase;
			buildActionMask = 2147483647;
			files = (
			);
			runOnlyForDeploymentPostprocessing = 0;
		};
/* End PBXSourcesBuildPhase section */

/* Begin PBXTargetDependency section */
		1218B9012FD4A1AE00304AF6 /* PBXTargetDependency */ = {
			isa = PBXTargetDependency;
			target = 1218B8F12FD4A1AD00304AF6 /* GlassReborn */;
			targetProxy = 1218B9002FD4A1AE00304AF6 /* PBXContainerItemProxy */;
		};
		1218B90B2FD4A1AE00304AF6 /* PBXTargetDependency */ = {
			isa = PBXTargetDependency;
			target = 1218B8F12FD4A1AD00304AF6 /* GlassReborn */;
			targetProxy = 1218B90A2FD4A1AE00304AF6 /* PBXContainerItemProxy */;
		};
/* End PBXTargetDependency section */

/* Begin XCBuildConfiguration section */
		1218B9112FD4A1AE00304AF6 /* Debug */ = {
			isa = XCBuildConfiguration;
			buildSettings = {
				ALWAYS_SEARCH_USER_PATHS = NO;
				ASSETCATALOG_COMPILER_GENERATE_SWIFT_ASSET_SYMBOL_EXTENSIONS = YES;
				CLANG_ANALYZER_NONNULL = YES;
				CLANG_ANALYZER_NUMBER_OBJECT_CONVERSION = YES_AGGRESSIVE;
				CLANG_CXX_LANGUAGE_STANDARD = "gnu++20";
				CLANG_ENABLE_MODULES = YES;
				CLANG_ENABLE_OBJC_ARC = YES;
				CLANG_ENABLE_OBJC_WEAK = YES;
				CLANG_WARN_BLOCK_CAPTURE_AUTORELEASING = YES;
				CLANG_WARN_BOOL_CONVERSION = YES;
				CLANG_WARN_COMMA = YES;
				CLANG_WARN_CONSTANT_CONVERSION = YES;
				CLANG_WARN_DEPRECATED_OBJC_IMPLEMENTATIONS = YES;
				CLANG_WARN_DIRECT_OBJC_ISA_USAGE = YES_ERROR;
				CLANG_WARN_DOCUMENTATION_COMMENTS = YES;
				CLANG_WARN_EMPTY_BODY = YES;
				CLANG_WARN_ENUM_CONVERSION = YES;
				CLANG_WARN_INFINITE_RECURSION = YES;
				CLANG_WARN_INT_CONVERSION = YES;
				CLANG_WARN_NON_LITERAL_NULL_CONVERSION = YES;
				CLANG_WARN_OBJC_IMPLICIT_RETAIN_SELF = YES;
				CLANG_WARN_OBJC_LITERAL_CONVERSION = YES;
				CLANG_WARN_OBJC_ROOT_CLASS = YES_ERROR;
				CLANG_WARN_QUOTED_INCLUDE_IN_FRAMEWORK_HEADER = YES;
				CLANG_WARN_RANGE_LOOP_ANALYSIS = YES;
				CLANG_WARN_STRICT_PROTOTYPES = YES;
				CLANG_WARN_SUSPICIOUS_MOVE = YES;
				CLANG_WARN_UNGUARDED_AVAILABILITY = YES_AGGRESSIVE;
				CLANG_WARN_UNREACHABLE_CODE = YES;
				CLANG_WARN__DUPLICATE_METHOD_MATCH = YES;
				COPY_PHASE_STRIP = NO;
				DEBUG_INFORMATION_FORMAT = dwarf;
				DEVELOPMENT_TEAM = W87ZAFJK9Y;
				ENABLE_STRICT_OBJC_MSGSEND = YES;
				ENABLE_TESTABILITY = YES;
				ENABLE_USER_SCRIPT_SANDBOXING = YES;
				GCC_C_LANGUAGE_STANDARD = gnu17;
				GCC_DYNAMIC_NO_PIC = NO;
				GCC_NO_COMMON_BLOCKS = YES;
				GCC_OPTIMIZATION_LEVEL = 0;
				GCC_PREPROCESSOR_DEFINITIONS = (
					"DEBUG=1",
					"$(inherited)",
				);
				GCC_WARN_64_TO_32_BIT_CONVERSION = YES;
				GCC_WARN_ABOUT_RETURN_TYPE = YES_ERROR;
				GCC_WARN_UNDECLARED_SELECTOR = YES;
				GCC_WARN_UNINITIALIZED_AUTOS = YES_AGGRESSIVE;
				GCC_WARN_UNUSED_FUNCTION = YES;
				GCC_WARN_UNUSED_VARIABLE = YES;
				IPHONEOS_DEPLOYMENT_TARGET = 26.5;
				LOCALIZATION_PREFERS_STRING_CATALOGS = YES;
				MTL_ENABLE_DEBUG_INFO = INCLUDE_SOURCE;
				MTL_FAST_MATH = YES;
				ONLY_ACTIVE_ARCH = YES;
				SDKROOT = iphoneos;
				SWIFT_ACTIVE_COMPILATION_CONDITIONS = "DEBUG $(inherited)";
				SWIFT_OPTIMIZATION_LEVEL = "-Onone";
			};
			name = Debug;
		};
		1218B9122FD4A1AE00304AF6 /* Release */ = {
			isa = XCBuildConfiguration;
			buildSettings = {
				ALWAYS_SEARCH_USER_PATHS = NO;
				ASSETCATALOG_COMPILER_GENERATE_SWIFT_ASSET_SYMBOL_EXTENSIONS = YES;
				CLANG_ANALYZER_NONNULL = YES;
				CLANG_ANALYZER_NUMBER_OBJECT_CONVERSION = YES_AGGRESSIVE;
				CLANG_CXX_LANGUAGE_STANDARD = "gnu++20";
				CLANG_ENABLE_MODULES = YES;
				CLANG_ENABLE_OBJC_ARC = YES;
				CLANG_ENABLE_OBJC_WEAK = YES;
				CLANG_WARN_BLOCK_CAPTURE_AUTORELEASING = YES;
				CLANG_WARN_BOOL_CONVERSION = YES;
				CLANG_WARN_COMMA = YES;
				CLANG_WARN_CONSTANT_CONVERSION = YES;
				CLANG_WARN_DEPRECATED_OBJC_IMPLEMENTATIONS = YES;
				CLANG_WARN_DIRECT_OBJC_ISA_USAGE = YES_ERROR;
				CLANG_WARN_DOCUMENTATION_COMMENTS = YES;
				CLANG_WARN_EMPTY_BODY = YES;
				CLANG_WARN_ENUM_CONVERSION = YES;
				CLANG_WARN_INFINITE_RECURSION = YES;
				CLANG_WARN_INT_CONVERSION = YES;
				CLANG_WARN_NON_LITERAL_NULL_CONVERSION = YES;
				CLANG_WARN_OBJC_IMPLICIT_RETAIN_SELF = YES;
				CLANG_WARN_OBJC_LITERAL_CONVERSION = YES;
				CLANG_WARN_OBJC_ROOT_CLASS = YES_ERROR;
				CLANG_WARN_QUOTED_INCLUDE_IN_FRAMEWORK_HEADER = YES;
				CLANG_WARN_RANGE_LOOP_ANALYSIS = YES;
				CLANG_WARN_STRICT_PROTOTYPES = YES;
				CLANG_WARN_SUSPICIOUS_MOVE = YES;
				CLANG_WARN_UNGUARDED_AVAILABILITY = YES_AGGRESSIVE;
				CLANG_WARN_UNREACHABLE_CODE = YES;
				CLANG_WARN__DUPLICATE_METHOD_MATCH = YES;
				COPY_PHASE_STRIP = NO;
				DEBUG_INFORMATION_FORMAT = "dwarf-with-dsym";
				DEVELOPMENT_TEAM = W87ZAFJK9Y;
				ENABLE_NS_ASSERTIONS = NO;
				ENABLE_STRICT_OBJC_MSGSEND = YES;
				ENABLE_USER_SCRIPT_SANDBOXING = YES;
				GCC_C_LANGUAGE_STANDARD = gnu17;
				GCC_NO_COMMON_BLOCKS = YES;
				GCC_WARN_64_TO_32_BIT_CONVERSION = YES;
				GCC_WARN_ABOUT_RETURN_TYPE = YES_ERROR;
				GCC_WARN_UNDECLARED_SELECTOR = YES;
				GCC_WARN_UNINITIALIZED_AUTOS = YES_AGGRESSIVE;
				GCC_WARN_UNUSED_FUNCTION = YES;
				GCC_WARN_UNUSED_VARIABLE = YES;
				IPHONEOS_DEPLOYMENT_TARGET = 26.5;
				LOCALIZATION_PREFERS_STRING_CATALOGS = YES;
				MTL_ENABLE_DEBUG_INFO = NO;
				MTL_FAST_MATH = YES;
				SDKROOT = iphoneos;
				SWIFT_COMPILATION_MODE = wholemodule;
				VALIDATE_PRODUCT = YES;
			};
			name = Release;
		};
		1218B9142FD4A1AE00304AF6 /* Debug */ = {
			isa = XCBuildConfiguration;
			buildSettings = {
				ASSETCATALOG_COMPILER_APPICON_NAME = AppIcon;
				ASSETCATALOG_COMPILER_GLOBAL_ACCENT_COLOR_NAME = AccentColor;
				CODE_SIGN_STYLE = Automatic;
				CURRENT_PROJECT_VERSION = 1;
				DEVELOPMENT_TEAM = W87ZAFJK9Y;
				ENABLE_PREVIEWS = YES;
				GENERATE_INFOPLIST_FILE = NO;
				INFOPLIST_FILE = Info.plist;
				INFOPLIST_KEY_UIApplicationSceneManifest_Generation = YES;
				INFOPLIST_KEY_UIApplicationSupportsIndirectInputEvents = YES;
				INFOPLIST_KEY_UILaunchScreen_Generation = YES;
				INFOPLIST_KEY_UISupportedInterfaceOrientations_iPad = "UIInterfaceOrientationPortrait UIInterfaceOrientationPortraitUpsideDown UIInterfaceOrientationLandscapeLeft UIInterfaceOrientationLandscapeRight";
				INFOPLIST_KEY_UISupportedInterfaceOrientations_iPhone = "UIInterfaceOrientationPortrait UIInterfaceOrientationLandscapeLeft UIInterfaceOrientationLandscapeRight";
				LD_RUNPATH_SEARCH_PATHS = (
					"$(inherited)",
					"@executable_path/Frameworks",
				);
				MARKETING_VERSION = 1.0;
				PRODUCT_BUNDLE_IDENTIFIER = com.ethanshealey.GlassReborn;
				PRODUCT_NAME = "$(TARGET_NAME)";
				STRING_CATALOG_GENERATE_SYMBOLS = YES;
				SWIFT_APPROACHABLE_CONCURRENCY = YES;
				SWIFT_DEFAULT_ACTOR_ISOLATION = MainActor;
				SWIFT_EMIT_LOC_STRINGS = YES;
				SWIFT_UPCOMING_FEATURE_MEMBER_IMPORT_VISIBILITY = YES;
				SWIFT_VERSION = 5.0;
				TARGETED_DEVICE_FAMILY = "1,2";
			};
			name = Debug;
		};
		1218B9152FD4A1AE00304AF6 /* Release */ = {
			isa = XCBuildConfiguration;
			buildSettings = {
				ASSETCATALOG_COMPILER_APPICON_NAME = AppIcon;
				ASSETCATALOG_COMPILER_GLOBAL_ACCENT_COLOR_NAME = AccentColor;
				CODE_SIGN_STYLE = Automatic;
				CURRENT_PROJECT_VERSION = 1;
				DEVELOPMENT_TEAM = W87ZAFJK9Y;
				ENABLE_PREVIEWS = YES;
				GENERATE_INFOPLIST_FILE = NO;
				INFOPLIST_FILE = Info.plist;
				INFOPLIST_KEY_UIApplicationSceneManifest_Generation = YES;
				INFOPLIST_KEY_UIApplicationSupportsIndirectInputEvents = YES;
				INFOPLIST_KEY_UILaunchScreen_Generation = YES;
				INFOPLIST_KEY_UISupportedInterfaceOrientations_iPad = "UIInterfaceOrientationPortrait UIInterfaceOrientationPortraitUpsideDown UIInterfaceOrientationLandscapeLeft UIInterfaceOrientationLandscapeRight";
				INFOPLIST_KEY_UISupportedInterfaceOrientations_iPhone = "UIInterfaceOrientationPortrait UIInterfaceOrientationLandscapeLeft UIInterfaceOrientationLandscapeRight";
				LD_RUNPATH_SEARCH_PATHS = (
					"$(inherited)",
					"@executable_path/Frameworks",
				);
				MARKETING_VERSION = 1.0;
				PRODUCT_BUNDLE_IDENTIFIER = com.ethanshealey.GlassReborn;
				PRODUCT_NAME = "$(TARGET_NAME)";
				STRING_CATALOG_GENERATE_SYMBOLS = YES;
				SWIFT_APPROACHABLE_CONCURRENCY = YES;
				SWIFT_DEFAULT_ACTOR_ISOLATION = MainActor;
				SWIFT_EMIT_LOC_STRINGS = YES;
				SWIFT_UPCOMING_FEATURE_MEMBER_IMPORT_VISIBILITY = YES;
				SWIFT_VERSION = 5.0;
				TARGETED_DEVICE_FAMILY = "1,2";
			};
			name = Release;
		};
		1218B9172FD4A1AE00304AF6 /* Debug */ = {
			isa = XCBuildConfiguration;
			buildSettings = {
				BUNDLE_LOADER = "$(TEST_HOST)";
				CODE_SIGN_STYLE = Automatic;
				CURRENT_PROJECT_VERSION = 1;
				DEVELOPMENT_TEAM = W87ZAFJK9Y;
				GENERATE_INFOPLIST_FILE = YES;
				IPHONEOS_DEPLOYMENT_TARGET = 26.5;
				MARKETING_VERSION = 1.0;
				PRODUCT_BUNDLE_IDENTIFIER = com.ethanshealey.GlassRebornTests;
				PRODUCT_NAME = "$(TARGET_NAME)";
				STRING_CATALOG_GENERATE_SYMBOLS = NO;
				SWIFT_APPROACHABLE_CONCURRENCY = YES;
				SWIFT_EMIT_LOC_STRINGS = NO;
				SWIFT_UPCOMING_FEATURE_MEMBER_IMPORT_VISIBILITY = YES;
				SWIFT_VERSION = 5.0;
				TARGETED_DEVICE_FAMILY = "1,2";
				TEST_HOST = "$(BUILT_PRODUCTS_DIR)/GlassReborn.app/$(BUNDLE_EXECUTABLE_FOLDER_PATH)/GlassReborn";
			};
			name = Debug;
		};
		1218B9182FD4A1AE00304AF6 /* Release */ = {
			isa = XCBuildConfiguration;
			buildSettings = {
				BUNDLE_LOADER = "$(TEST_HOST)";
				CODE_SIGN_STYLE = Automatic;
				CURRENT_PROJECT_VERSION = 1;
				DEVELOPMENT_TEAM = W87ZAFJK9Y;
				GENERATE_INFOPLIST_FILE = YES;
				IPHONEOS_DEPLOYMENT_TARGET = 26.5;
				MARKETING_VERSION = 1.0;
				PRODUCT_BUNDLE_IDENTIFIER = com.ethanshealey.GlassRebornTests;
				PRODUCT_NAME = "$(TARGET_NAME)";
				STRING_CATALOG_GENERATE_SYMBOLS = NO;
				SWIFT_APPROACHABLE_CONCURRENCY = YES;
				SWIFT_EMIT_LOC_STRINGS = NO;
				SWIFT_UPCOMING_FEATURE_MEMBER_IMPORT_VISIBILITY = YES;
				SWIFT_VERSION = 5.0;
				TARGETED_DEVICE_FAMILY = "1,2";
				TEST_HOST = "$(BUILT_PRODUCTS_DIR)/GlassReborn.app/$(BUNDLE_EXECUTABLE_FOLDER_PATH)/GlassReborn";
			};
			name = Release;
		};
		1218B91A2FD4A1AE00304AF6 /* Debug */ = {
			isa = XCBuildConfiguration;
			buildSettings = {
				CODE_SIGN_STYLE = Automatic;
				CURRENT_PROJECT_VERSION = 1;
				DEVELOPMENT_TEAM = W87ZAFJK9Y;
				GENERATE_INFOPLIST_FILE = YES;
				MARKETING_VERSION = 1.0;
				PRODUCT_BUNDLE_IDENTIFIER = com.ethanshealey.GlassRebornUITests;
				PRODUCT_NAME = "$(TARGET_NAME)";
				STRING_CATALOG_GENERATE_SYMBOLS = NO;
				SWIFT_APPROACHABLE_CONCURRENCY = YES;
				SWIFT_EMIT_LOC_STRINGS = NO;
				SWIFT_UPCOMING_FEATURE_MEMBER_IMPORT_VISIBILITY = YES;
				SWIFT_VERSION = 5.0;
				TARGETED_DEVICE_FAMILY = "1,2";
				TEST_TARGET_NAME = GlassReborn;
			};
			name = Debug;
		};
		1218B91B2FD4A1AE00304AF6 /* Release */ = {
			isa = XCBuildConfiguration;
			buildSettings = {
				CODE_SIGN_STYLE = Automatic;
				CURRENT_PROJECT_VERSION = 1;
				DEVELOPMENT_TEAM = W87ZAFJK9Y;
				GENERATE_INFOPLIST_FILE = YES;
				MARKETING_VERSION = 1.0;
				PRODUCT_BUNDLE_IDENTIFIER = com.ethanshealey.GlassRebornUITests;
				PRODUCT_NAME = "$(TARGET_NAME)";
				STRING_CATALOG_GENERATE_SYMBOLS = NO;
				SWIFT_APPROACHABLE_CONCURRENCY = YES;
				SWIFT_EMIT_LOC_STRINGS = NO;
				SWIFT_UPCOMING_FEATURE_MEMBER_IMPORT_VISIBILITY = YES;
				SWIFT_VERSION = 5.0;
				TARGETED_DEVICE_FAMILY = "1,2";
				TEST_TARGET_NAME = GlassReborn;
			};
			name = Release;
		};
/* End XCBuildConfiguration section */

/* Begin XCConfigurationList section */
		1218B8ED2FD4A1AD00304AF6 /* Build configuration list for PBXProject "GlassReborn" */ = {
			isa = XCConfigurationList;
			buildConfigurations = (
				1218B9112FD4A1AE00304AF6 /* Debug */,
				1218B9122FD4A1AE00304AF6 /* Release */,
			);
			defaultConfigurationIsVisible = 0;
			defaultConfigurationName = Release;
		};
		1218B9132FD4A1AE00304AF6 /* Build configuration list for PBXNativeTarget "GlassReborn" */ = {
			isa = XCConfigurationList;
			buildConfigurations = (
				1218B9142FD4A1AE00304AF6 /* Debug */,
				1218B9152FD4A1AE00304AF6 /* Release */,
			);
			defaultConfigurationIsVisible = 0;
			defaultConfigurationName = Release;
		};
		1218B9162FD4A1AE00304AF6 /* Build configuration list for PBXNativeTarget "GlassRebornTests" */ = {
			isa = XCConfigurationList;
			buildConfigurations = (
				1218B9172FD4A1AE00304AF6 /* Debug */,
				1218B9182FD4A1AE00304AF6 /* Release */,
			);
			defaultConfigurationIsVisible = 0;
			defaultConfigurationName = Release;
		};
		1218B9192FD4A1AE00304AF6 /* Build configuration list for PBXNativeTarget "GlassRebornUITests" */ = {
			isa = XCConfigurationList;
			buildConfigurations = (
				1218B91A2FD4A1AE00304AF6 /* Debug */,
				1218B91B2FD4A1AE00304AF6 /* Release */,
			);
			defaultConfigurationIsVisible = 0;
			defaultConfigurationName = Release;
		};
/* End XCConfigurationList section */
	};
	rootObject = 1218B8EA2FD4A1AD00304AF6 /* Project object */;
}
